// !$*UTF8*$!
{ archiveVersion = 1; classes = {}; objectVersion = 56; objects = {
/* Begin PBXBuildFile section */
	0188B8B3D39D4BAFA17F93D9 /* AppModel.swift in Sources */ = {isa = PBXBuildFile; fileRef = AB18F8A19ACF4021890F7A3C /* AppModel.swift */; };
	2C45C2996AB94DD4B12314BC /* NerveApp.swift in Sources */ = {isa = PBXBuildFile; fileRef = 361B3C476EF049E3807FA12B /* NerveApp.swift */; };
	B410EE77B92644989B4344F3 /* SettingsView.swift in Sources */ = {isa = PBXBuildFile; fileRef = 3F6A04DFA5894F578B004BA2 /* SettingsView.swift */; };
	BBC04E3495A233EB11F62D90 /* NerveEndpoint.swift in Sources */ = {isa = PBXBuildFile; fileRef = 1F5C816CC6F8D1EF7E5C0A4C /* NerveEndpoint.swift */; };
	16EC4511B04E9F97E1606C06 /* HubFrame.swift in Sources */ = {isa = PBXBuildFile; fileRef = 2C1AF2CCC5DE1AA2359B94E8 /* HubFrame.swift */; };
	DC406972BD2273B276CE049A /* FrameDiffer.swift in Sources */ = {isa = PBXBuildFile; fileRef = 81A8B961485FF3DB2B2AD0BD /* FrameDiffer.swift */; };
	4479DCF1BBF8430D9E5E038E /* HubClient.swift in Sources */ = {isa = PBXBuildFile; fileRef = 93A92FA07D5E8AF609062386 /* HubClient.swift */; };
	E86A0846FA169B127A920068 /* HubProcessManager.swift in Sources */ = {isa = PBXBuildFile; fileRef = EA677E6F2DC27392AD2B18A5 /* HubProcessManager.swift */; };
	2BB3B10CCACC4ED1AC3EED84 /* CoreTypes.swift in Sources */ = {isa = PBXBuildFile; fileRef = 4BBFCF3D4CA34F54B095ACB4 /* CoreTypes.swift */; };
	1762374C51B54AB2A110E1AA /* History.swift in Sources */ = {isa = PBXBuildFile; fileRef = F8A447C6505E4DC9B3F67A0D /* History.swift */; };
	63D6C93FAAE249EE976322AA /* PendingAction.swift in Sources */ = {isa = PBXBuildFile; fileRef = ED745B89E56A4725BB143D1E /* PendingAction.swift */; };
	2B1C39688BF748CCA8953619 /* Subject.swift in Sources */ = {isa = PBXBuildFile; fileRef = 39005B163F3E4B1A831536E5 /* Subject.swift */; };
	7A61A92323994DC1ADC5E935 /* ActionService.swift in Sources */ = {isa = PBXBuildFile; fileRef = 7DFB236FB167455FB9234E15 /* ActionService.swift */; };
	7FDC880D429846289B794C97 /* NotificationService.swift in Sources */ = {isa = PBXBuildFile; fileRef = BD9115464179487F870BCAC1 /* NotificationService.swift */; };
	884B296D1AE942C8AFE38177 /* Persistence.swift in Sources */ = {isa = PBXBuildFile; fileRef = A9B651ED4A2442F39D4996D3 /* Persistence.swift */; };
	D13B5C218DB14409A524116E /* SettingsStore.swift in Sources */ = {isa = PBXBuildFile; fileRef = EC4E40ADFDC2436DB701F369 /* SettingsStore.swift */; };
	9A46C1E41D9D4A3D815F149D /* SubjectStore.swift in Sources */ = {isa = PBXBuildFile; fileRef = 276F866A183146938AD6F8D4 /* SubjectStore.swift */; };
	191D6BD21F6947FFAFC6029F /* MenuBarRibbonController.swift in Sources */ = {isa = PBXBuildFile; fileRef = F8349EE108154C03850CD8FE /* MenuBarRibbonController.swift */; };
	3FF5A412AD9545EE8851045B /* FirstRunCoachView.swift in Sources */ = {isa = PBXBuildFile; fileRef = 09F86AAAE0CA48F3BC44A02F /* FirstRunCoachView.swift */; };
	7293CF7034A3444CB15D9D0E /* StatusPanelView.swift in Sources */ = {isa = PBXBuildFile; fileRef = BA6D9CF66CAE46269DE73077 /* StatusPanelView.swift */; };
	D74F4B575135492E990CB794 /* RibbonPalette.swift in Sources */ = {isa = PBXBuildFile; fileRef = F334A7FB09894523AF1A013D /* RibbonPalette.swift */; };
	E399A560D4654C2CA8A2018A /* Assets.xcassets in Resources */ = {isa = PBXBuildFile; fileRef = 2D258DDE807343888F390B3D /* Assets.xcassets */; };
	A1MACHINECONFIG01 /* MachineConfig.swift in Sources */ = {isa = PBXBuildFile; fileRef = A1MACHINECONFIG02 /* MachineConfig.swift */; };
	A1SSHCONFIGWRITE1 /* SSHConfigWriter.swift in Sources */ = {isa = PBXBuildFile; fileRef = A1SSHCONFIGWRITE2 /* SSHConfigWriter.swift */; };
	A1MACHINETUNNEL01 /* MachineTunnelManager.swift in Sources */ = {isa = PBXBuildFile; fileRef = A1MACHINETUNNEL02 /* MachineTunnelManager.swift */; };
	376D23E1D7B5038D3B193AB1 /* PanelWindowBridge.swift in Sources */ = {isa = PBXBuildFile; fileRef = FA8F859FC8ED5F51AFBC15E7 /* PanelWindowBridge.swift */; };
	D2864EF990F2C69E0C1316A3 /* ExpandableSubjectRow.swift in Sources */ = {isa = PBXBuildFile; fileRef = 1D9C0D64B1532FA5DD40942A /* ExpandableSubjectRow.swift */; };
	8CE4FCA03761B101C70EF01E /* MenuBarRibbonLabel.swift in Sources */ = {isa = PBXBuildFile; fileRef = 962E884E32018B1F66315B73 /* MenuBarRibbonLabel.swift */; };
	F1CB5DD1D6FF8DB414B24C0F /* MenuBarExtraContextMenuBridge.swift in Sources */ = {isa = PBXBuildFile; fileRef = E36E2060F24A9BCEF2AA5155 /* MenuBarExtraContextMenuBridge.swift */; };
	6246FC074610AB7223118B11 /* CornerResizeHandleView.swift in Sources */ = {isa = PBXBuildFile; fileRef = 7FA544DA75DE46F8D94D7481 /* CornerResizeHandleView.swift */; };
	9AD35109EE097C730E109142 /* RibbonRenderer.swift in Sources */ = {isa = PBXBuildFile; fileRef = 10BD6E21D2BEE5113AAD3F55 /* RibbonRenderer.swift */; };
	BBEA9D7C6C3121F2C03F16DD /* MenuBarRibbonNSView.swift in Sources */ = {isa = PBXBuildFile; fileRef = BD244715619073393E653E06 /* MenuBarRibbonNSView.swift */; };
	B6726C82C72695F9E3108843 /* PreferencesWindowController.swift in Sources */ = {isa = PBXBuildFile; fileRef = 066C4DB0FE19B790FAF57E19 /* PreferencesWindowController.swift */; };
	59B2201FE9D304EF492ED211 /* SettingsChrome.swift in Sources */ = {isa = PBXBuildFile; fileRef = BC686B82CC71DAB6E3144BB7 /* SettingsChrome.swift */; };
/* End PBXBuildFile section */
/* Begin PBXFileReference section */
	094171F377D248F8AD106EE5 /* Nerve.app */ = {isa = PBXFileReference; explicitFileType = wrapper.application; includeInIndex = 0; path = Nerve.app; sourceTree = BUILT_PRODUCTS_DIR; };
	AB18F8A19ACF4021890F7A3C /* AppModel.swift */ = {isa = PBXFileReference; lastKnownFileType = sourcecode.swift; path = "App/AppModel.swift"; sourceTree = "<group>"; };
	361B3C476EF049E3807FA12B /* NerveApp.swift */ = {isa = PBXFileReference; lastKnownFileType = sourcecode.swift; path = "App/NerveApp.swift"; sourceTree = "<group>"; };
	3F6A04DFA5894F578B004BA2 /* SettingsView.swift */ = {isa = PBXFileReference; lastKnownFileType = sourcecode.swift; path = "App/SettingsView.swift"; sourceTree = "<group>"; };
	1F5C816CC6F8D1EF7E5C0A4C /* NerveEndpoint.swift */ = {isa = PBXFileReference; lastKnownFileType = sourcecode.swift; path = "Services/Hub/NerveEndpoint.swift"; sourceTree = "<group>"; };
	2C1AF2CCC5DE1AA2359B94E8 /* HubFrame.swift */ = {isa = PBXFileReference; lastKnownFileType = sourcecode.swift; path = "Services/Hub/HubFrame.swift"; sourceTree = "<group>"; };
	81A8B961485FF3DB2B2AD0BD /* FrameDiffer.swift */ = {isa = PBXFileReference; lastKnownFileType = sourcecode.swift; path = "Services/Hub/FrameDiffer.swift"; sourceTree = "<group>"; };
	93A92FA07D5E8AF609062386 /* HubClient.swift */ = {isa = PBXFileReference; lastKnownFileType = sourcecode.swift; path = "Services/Hub/HubClient.swift"; sourceTree = "<group>"; };
	EA677E6F2DC27392AD2B18A5 /* HubProcessManager.swift */ = {isa = PBXFileReference; lastKnownFileType = sourcecode.swift; path = "Services/Hub/HubProcessManager.swift"; sourceTree = "<group>"; };
	4BBFCF3D4CA34F54B095ACB4 /* CoreTypes.swift */ = {isa = PBXFileReference; lastKnownFileType = sourcecode.swift; path = "Models/CoreTypes.swift"; sourceTree = "<group>"; };
	F8A447C6505E4DC9B3F67A0D /* History.swift */ = {isa = PBXFileReference; lastKnownFileType = sourcecode.swift; path = "Models/History.swift"; sourceTree = "<group>"; };
	ED745B89E56A4725BB143D1E /* PendingAction.swift */ = {isa = PBXFileReference; lastKnownFileType = sourcecode.swift; path = "Models/PendingAction.swift"; sourceTree = "<group>"; };
	39005B163F3E4B1A831536E5 /* Subject.swift */ = {isa = PBXFileReference; lastKnownFileType = sourcecode.swift; path = "Models/Subject.swift"; sourceTree = "<group>"; };
	7DFB236FB167455FB9234E15 /* ActionService.swift */ = {isa = PBXFileReference; lastKnownFileType = sourcecode.swift; path = "Services/ActionService.swift"; sourceTree = "<group>"; };
	BD9115464179487F870BCAC1 /* NotificationService.swift */ = {isa = PBXFileReference; lastKnownFileType = sourcecode.swift; path = "Services/NotificationService.swift"; sourceTree = "<group>"; };
	A9B651ED4A2442F39D4996D3 /* Persistence.swift */ = {isa = PBXFileReference; lastKnownFileType = sourcecode.swift; path = "Store/Persistence.swift"; sourceTree = "<group>"; };
	EC4E40ADFDC2436DB701F369 /* SettingsStore.swift */ = {isa = PBXFileReference; lastKnownFileType = sourcecode.swift; path = "Store/SettingsStore.swift"; sourceTree = "<group>"; };
	276F866A183146938AD6F8D4 /* SubjectStore.swift */ = {isa = PBXFileReference; lastKnownFileType = sourcecode.swift; path = "Store/SubjectStore.swift"; sourceTree = "<group>"; };
	F8349EE108154C03850CD8FE /* MenuBarRibbonController.swift */ = {isa = PBXFileReference; lastKnownFileType = sourcecode.swift; path = "UI/MenuBar/MenuBarRibbonController.swift"; sourceTree = "<group>"; };
	09F86AAAE0CA48F3BC44A02F /* FirstRunCoachView.swift */ = {isa = PBXFileReference; lastKnownFileType = sourcecode.swift; path = "UI/Onboarding/FirstRunCoachView.swift"; sourceTree = "<group>"; };
	BA6D9CF66CAE46269DE73077 /* StatusPanelView.swift */ = {isa = PBXFileReference; lastKnownFileType = sourcecode.swift; path = "UI/Panel/StatusPanelView.swift"; sourceTree = "<group>"; };
	F334A7FB09894523AF1A013D /* RibbonPalette.swift */ = {isa = PBXFileReference; lastKnownFileType = sourcecode.swift; path = "UI/Ribbon/RibbonPalette.swift"; sourceTree = "<group>"; };
	2D258DDE807343888F390B3D /* Assets.xcassets */ = {isa = PBXFileReference; lastKnownFileType = folder.assetcatalog; path = Resources/Assets.xcassets; sourceTree = "<group>"; };
	3B9BF170E5754244B7565846 /* Info.plist */ = {isa = PBXFileReference; lastKnownFileType = text.plist.xml; path = Info.plist; sourceTree = "<group>"; };
	8472397C99D54DF2B5A0ECDF /* Nerve.entitlements */ = {isa = PBXFileReference; lastKnownFileType = text.plist.entitlements; path = Nerve.entitlements; sourceTree = "<group>"; };
	A1MACHINECONFIG02 /* MachineConfig.swift */ = {isa = PBXFileReference; lastKnownFileType = sourcecode.swift; path = "Models/MachineConfig.swift"; sourceTree = "<group>"; };
	A1SSHCONFIGWRITE2 /* SSHConfigWriter.swift */ = {isa = PBXFileReference; lastKnownFileType = sourcecode.swift; path = "Services/SSHConfigWriter.swift"; sourceTree = "<group>"; };
	A1MACHINETUNNEL02 /* MachineTunnelManager.swift */ = {isa = PBXFileReference; lastKnownFileType = sourcecode.swift; path = "Services/MachineTunnelManager.swift"; sourceTree = "<group>"; };
	FA8F859FC8ED5F51AFBC15E7 /* PanelWindowBridge.swift */ = {isa = PBXFileReference; lastKnownFileType = sourcecode.swift; path = "UI/Panel/PanelWindowBridge.swift"; sourceTree = "<group>"; };
	1D9C0D64B1532FA5DD40942A /* ExpandableSubjectRow.swift */ = {isa = PBXFileReference; lastKnownFileType = sourcecode.swift; path = "UI/Panel/ExpandableSubjectRow.swift"; sourceTree = "<group>"; };
	962E884E32018B1F66315B73 /* MenuBarRibbonLabel.swift */ = {isa = PBXFileReference; lastKnownFileType = sourcecode.swift; path = "UI/MenuBar/MenuBarRibbonLabel.swift"; sourceTree = "<group>"; };
	E36E2060F24A9BCEF2AA5155 /* MenuBarExtraContextMenuBridge.swift */ = {isa = PBXFileReference; lastKnownFileType = sourcecode.swift; path = "UI/MenuBar/MenuBarExtraContextMenuBridge.swift"; sourceTree = "<group>"; };
	7FA544DA75DE46F8D94D7481 /* CornerResizeHandleView.swift */ = {isa = PBXFileReference; lastKnownFileType = sourcecode.swift; path = "UI/MenuBar/CornerResizeHandleView.swift"; sourceTree = "<group>"; };
	10BD6E21D2BEE5113AAD3F55 /* RibbonRenderer.swift */ = {isa = PBXFileReference; lastKnownFileType = sourcecode.swift; path = "UI/MenuBar/RibbonRenderer.swift"; sourceTree = "<group>"; };
	BD244715619073393E653E06 /* MenuBarRibbonNSView.swift */ = {isa = PBXFileReference; lastKnownFileType = sourcecode.swift; path = "UI/MenuBar/MenuBarRibbonNSView.swift"; sourceTree = "<group>"; };
	066C4DB0FE19B790FAF57E19 /* PreferencesWindowController.swift */ = {isa = PBXFileReference; lastKnownFileType = sourcecode.swift; path = "App/PreferencesWindowController.swift"; sourceTree = "<group>"; };
	BC686B82CC71DAB6E3144BB7 /* SettingsChrome.swift */ = {isa = PBXFileReference; lastKnownFileType = sourcecode.swift; path = "App/SettingsChrome.swift"; sourceTree = "<group>"; };
/* End PBXFileReference section */
	3F41DC48F46D436E84B99BC9 /* Frameworks */ = {isa = PBXFrameworksBuildPhase; buildActionMask = 2147483647; files = (); runOnlyForDeploymentPostprocessing = 0; };
	D4DB295989DA469A96AE2224 = {isa = PBXGroup; children = (9851157C62C8491A8E6F7113 /* Nerve */, C8CA9ACBF47645D0A6309B1E /* Products */,); sourceTree = "<group>"; };
	C8CA9ACBF47645D0A6309B1E /* Products */ = {isa = PBXGroup; children = (094171F377D248F8AD106EE5 /* Nerve.app */,); name = Products; sourceTree = "<group>"; };
	9851157C62C8491A8E6F7113 /* Nerve */ = {isa = PBXGroup; children = (
		AB18F8A19ACF4021890F7A3C /* AppModel.swift */,
		361B3C476EF049E3807FA12B /* NerveApp.swift */,
		3F6A04DFA5894F578B004BA2 /* SettingsView.swift */,
		1F5C816CC6F8D1EF7E5C0A4C /* NerveEndpoint.swift */,
		2C1AF2CCC5DE1AA2359B94E8 /* HubFrame.swift */,
		81A8B961485FF3DB2B2AD0BD /* FrameDiffer.swift */,
		93A92FA07D5E8AF609062386 /* HubClient.swift */,
		EA677E6F2DC27392AD2B18A5 /* HubProcessManager.swift */,
		4BBFCF3D4CA34F54B095ACB4 /* CoreTypes.swift */,
		F8A447C6505E4DC9B3F67A0D /* History.swift */,
		ED745B89E56A4725BB143D1E /* PendingAction.swift */,
		39005B163F3E4B1A831536E5 /* Subject.swift */,
		A1MACHINECONFIG02 /* MachineConfig.swift */,
		A1SSHCONFIGWRITE2 /* SSHConfigWriter.swift */,
		A1MACHINETUNNEL02 /* MachineTunnelManager.swift */,
		7DFB236FB167455FB9234E15 /* ActionService.swift */,
		BD9115464179487F870BCAC1 /* NotificationService.swift */,
		A9B651ED4A2442F39D4996D3 /* Persistence.swift */,
		EC4E40ADFDC2436DB701F369 /* SettingsStore.swift */,
		276F866A183146938AD6F8D4 /* SubjectStore.swift */,
		F8349EE108154C03850CD8FE /* MenuBarRibbonController.swift */,
		09F86AAAE0CA48F3BC44A02F /* FirstRunCoachView.swift */,
		BA6D9CF66CAE46269DE73077 /* StatusPanelView.swift */,
		F334A7FB09894523AF1A013D /* RibbonPalette.swift */,
		FA8F859FC8ED5F51AFBC15E7 /* PanelWindowBridge.swift */,
		1D9C0D64B1532FA5DD40942A /* ExpandableSubjectRow.swift */,
		962E884E32018B1F66315B73 /* MenuBarRibbonLabel.swift */,
		E36E2060F24A9BCEF2AA5155 /* MenuBarExtraContextMenuBridge.swift */,
		7FA544DA75DE46F8D94D7481 /* CornerResizeHandleView.swift */,
		10BD6E21D2BEE5113AAD3F55 /* RibbonRenderer.swift */,
		BD244715619073393E653E06 /* MenuBarRibbonNSView.swift */,
		066C4DB0FE19B790FAF57E19 /* PreferencesWindowController.swift */,
		BC686B82CC71DAB6E3144BB7 /* SettingsChrome.swift */,
		2D258DDE807343888F390B3D /* Assets.xcassets */, 3B9BF170E5754244B7565846 /* Info.plist */, 8472397C99D54DF2B5A0ECDF /* Nerve.entitlements */,
	); path = Nerve; sourceTree = "<group>"; };
	6C609D7AA669498B8C5863E4 /* Nerve */ = {isa = PBXNativeTarget; buildConfigurationList = 3B8B6090EF044E1DBEBCC3E5; buildPhases = (5DFB5E4FC7F941BEAD5F1D00 /* Sources */, 3F41DC48F46D436E84B99BC9 /* Frameworks */, 74F82CB4FB874BFFBBE97E39 /* Resources */,); buildRules = (); dependencies = (); name = Nerve; productName = Nerve; productReference = 094171F377D248F8AD106EE5; productType = "com.apple.product-type.application"; };
	BCE4CD7AFEFC47FE92BDF7E2 /* Project object */ = {isa = PBXProject; attributes = {BuildIndependentTargetsInParallel = 1; LastSwiftUpdateCheck = 2600; LastUpgradeCheck = 2600; }; buildConfigurationList = 02446D4223CA41EF97A2C1AA; compatibilityVersion = "Xcode 14.0"; developmentRegion = en; hasScannedForEncodings = 0; knownRegions = (en, Base,); mainGroup = D4DB295989DA469A96AE2224; productRefGroup = C8CA9ACBF47645D0A6309B1E; projectDirPath = ""; projectRoot = ""; targets = (6C609D7AA669498B8C5863E4 /* Nerve */,); };
	74F82CB4FB874BFFBBE97E39 /* Resources */ = {isa = PBXResourcesBuildPhase; buildActionMask = 2147483647; files = (E399A560D4654C2CA8A2018A /* Assets.xcassets in Resources */,); runOnlyForDeploymentPostprocessing = 0; };
	5DFB5E4FC7F941BEAD5F1D00 /* Sources */ = {isa = PBXSourcesBuildPhase; buildActionMask = 2147483647; files = (
		0188B8B3D39D4BAFA17F93D9 /* AppModel.swift in Sources */,
		2C45C2996AB94DD4B12314BC /* NerveApp.swift in Sources */,
		B410EE77B92644989B4344F3 /* SettingsView.swift in Sources */,
		BBC04E3495A233EB11F62D90 /* NerveEndpoint.swift in Sources */,
		16EC4511B04E9F97E1606C06 /* HubFrame.swift in Sources */,
		DC406972BD2273B276CE049A /* FrameDiffer.swift in Sources */,
		4479DCF1BBF8430D9E5E038E /* HubClient.swift in Sources */,
		E86A0846FA169B127A920068 /* HubProcessManager.swift in Sources */,
		2BB3B10CCACC4ED1AC3EED84 /* CoreTypes.swift in Sources */,
		1762374C51B54AB2A110E1AA /* History.swift in Sources */,
		63D6C93FAAE249EE976322AA /* PendingAction.swift in Sources */,
		2B1C39688BF748CCA8953619 /* Subject.swift in Sources */,
		A1MACHINECONFIG01 /* MachineConfig.swift in Sources */,
		A1SSHCONFIGWRITE1 /* SSHConfigWriter.swift in Sources */,
		A1MACHINETUNNEL01 /* MachineTunnelManager.swift in Sources */,
		7A61A92323994DC1ADC5E935 /* ActionService.swift in Sources */,
		7FDC880D429846289B794C97 /* NotificationService.swift in Sources */,
		884B296D1AE942C8AFE38177 /* Persistence.swift in Sources */,
		D13B5C218DB14409A524116E /* SettingsStore.swift in Sources */,
		9A46C1E41D9D4A3D815F149D /* SubjectStore.swift in Sources */,
		191D6BD21F6947FFAFC6029F /* MenuBarRibbonController.swift in Sources */,
		3FF5A412AD9545EE8851045B /* FirstRunCoachView.swift in Sources */,
		7293CF7034A3444CB15D9D0E /* StatusPanelView.swift in Sources */,
		D74F4B575135492E990CB794 /* RibbonPalette.swift in Sources */,
		376D23E1D7B5038D3B193AB1 /* PanelWindowBridge.swift in Sources */,
		D2864EF990F2C69E0C1316A3 /* ExpandableSubjectRow.swift in Sources */,
		8CE4FCA03761B101C70EF01E /* MenuBarRibbonLabel.swift in Sources */,
		F1CB5DD1D6FF8DB414B24C0F /* MenuBarExtraContextMenuBridge.swift in Sources */,
		6246FC074610AB7223118B11 /* CornerResizeHandleView.swift in Sources */,
		9AD35109EE097C730E109142 /* RibbonRenderer.swift in Sources */,
		BBEA9D7C6C3121F2C03F16DD /* MenuBarRibbonNSView.swift in Sources */,
		B6726C82C72695F9E3108843 /* PreferencesWindowController.swift in Sources */,
		59B2201FE9D304EF492ED211 /* SettingsChrome.swift in Sources */,
	); runOnlyForDeploymentPostprocessing = 0; };
	D05E934662CA48BAA3415109 /* Debug */ = {isa = XCBuildConfiguration; buildSettings = {ALWAYS_SEARCH_USER_PATHS = NO; CLANG_ENABLE_MODULES = YES; DEBUG_INFORMATION_FORMAT = dwarf; ENABLE_TESTABILITY = YES; GCC_OPTIMIZATION_LEVEL = 0; MACOSX_DEPLOYMENT_TARGET = 14.0; ONLY_ACTIVE_ARCH = YES; SDKROOT = macosx; SWIFT_ACTIVE_COMPILATION_CONDITIONS = "DEBUG $(inherited)"; SWIFT_OPTIMIZATION_LEVEL = "-Onone";}; name = Debug; };
	44129D42F80D4D0D8CC987E2 /* Release */ = {isa = XCBuildConfiguration; buildSettings = {ALWAYS_SEARCH_USER_PATHS = NO; CLANG_ENABLE_MODULES = YES; DEBUG_INFORMATION_FORMAT = "dwarf-with-dsym"; MACOSX_DEPLOYMENT_TARGET = 14.0; SDKROOT = macosx; SWIFT_COMPILATION_MODE = wholemodule;}; name = Release; };
	4E431FE3676749C283B947DA /* Debug */ = {isa = XCBuildConfiguration; buildSettings = {ASSETCATALOG_COMPILER_APPICON_NAME = AppIcon; CODE_SIGN_ENTITLEMENTS = Nerve/Nerve.entitlements; CODE_SIGN_IDENTITY = "-"; CODE_SIGN_STYLE = Automatic; COMBINE_HIDPI_IMAGES = YES; CURRENT_PROJECT_VERSION = 1; ENABLE_HARDENED_RUNTIME = NO; GENERATE_INFOPLIST_FILE = NO; INFOPLIST_FILE = Nerve/Info.plist; LD_RUNPATH_SEARCH_PATHS = ("$(inherited)", "@executable_path/../Frameworks",); MACOSX_DEPLOYMENT_TARGET = 14.0; MARKETING_VERSION = 0.1.0; PRODUCT_BUNDLE_IDENTIFIER = app.nerve.Nerve; PRODUCT_NAME = "$(TARGET_NAME)"; SWIFT_VERSION = 5.0;}; name = Debug; };
	929AA0FE311A479C83EF28E1 /* Release */ = {isa = XCBuildConfiguration; buildSettings = {ASSETCATALOG_COMPILER_APPICON_NAME = AppIcon; CODE_SIGN_ENTITLEMENTS = Nerve/Nerve.entitlements; CODE_SIGN_IDENTITY = "-"; CODE_SIGN_STYLE = Automatic; COMBINE_HIDPI_IMAGES = YES; CURRENT_PROJECT_VERSION = 1; ENABLE_HARDENED_RUNTIME = NO; GENERATE_INFOPLIST_FILE = NO; INFOPLIST_FILE = Nerve/Info.plist; LD_RUNPATH_SEARCH_PATHS = ("$(inherited)", "@executable_path/../Frameworks",); MACOSX_DEPLOYMENT_TARGET = 14.0; MARKETING_VERSION = 0.1.0; PRODUCT_BUNDLE_IDENTIFIER = app.nerve.Nerve; PRODUCT_NAME = "$(TARGET_NAME)"; SWIFT_VERSION = 5.0;}; name = Release; };
	02446D4223CA41EF97A2C1AA = {isa = XCConfigurationList; buildConfigurations = (D05E934662CA48BAA3415109 /* Debug */, 44129D42F80D4D0D8CC987E2 /* Release */,); defaultConfigurationIsVisible = 0; defaultConfigurationName = Release; };
	3B8B6090EF044E1DBEBCC3E5 = {isa = XCConfigurationList; buildConfigurations = (4E431FE3676749C283B947DA /* Debug */, 929AA0FE311A479C83EF28E1 /* Release */,); defaultConfigurationIsVisible = 0; defaultConfigurationName = Release; };
}; rootObject = BCE4CD7AFEFC47FE92BDF7E2 /* Project object */; }
